
Microsoft Visual Studio Solution File, Format Version 12.00
# Visual Studio 15
Project("{FAE04EC0-301F-11D3-BF4B-00C04F79EFBC}") = "TableTopCarGame", "Assembly-CSharp.csproj", "{185CB034-56AD-5F9F-2904-79297B88F538}"
EndProject
Project("{FAE04EC0-301F-11D3-BF4B-00C04F79EFBC}") = "TableTopCarGame", "Assembly-CSharp-Editor.csproj", "{BA7673AB-D5C0-D36A-9D9D-79ACF5C2D0FD}"
EndProject
Global
	GlobalSection(SolutionConfigurationPlatforms) = preSolution
		Debug|Any CPU = Debug|Any CPU
		Release|Any CPU = Release|Any CPU
	EndGlobalSection
	GlobalSection(ProjectConfigurationPlatforms) = postSolution
		{185CB034-56AD-5F9F-2904-79297B88F538}.Debug|Any CPU.ActiveCfg = Debug|Any CPU
		{185CB034-56AD-5F9F-2904-79297B88F538}.Debug|Any CPU.Build.0 = Debug|Any CPU
		{185CB034-56AD-5F9F-2904-79297B88F538}.Release|Any CPU.ActiveCfg = Release|Any CPU
		{185CB034-56AD-5F9F-2904-79297B88F538}.Release|Any CPU.Build.0 = Release|Any CPU
		{BA7673AB-D5C0-D36A-9D9D-79ACF5C2D0FD}.Debug|Any CPU.ActiveCfg = Debug|Any CPU
		{BA7673AB-D5C0-D36A-9D9D-79ACF5C2D0FD}.Debug|Any CPU.Build.0 = Debug|Any CPU
		{BA7673AB-D5C0-D36A-9D9D-79ACF5C2D0FD}.Release|Any CPU.ActiveCfg = Release|Any CPU
		{BA7673AB-D5C0-D36A-9D9D-79ACF5C2D0FD}.Release|Any CPU.Build.0 = Release|Any CPU
	EndGlobalSection
	GlobalSection(SolutionProperties) = preSolution
		HideSolutionNode = FALSE
	EndGlobalSection
EndGlobal
